
Microsoft Visual Studio Solution File, Format Version 11.00
# Visual Studio 2010
Project("{FAE04EC0-301F-11D3-BF4B-00C04F79EFBC}") = "Assembly-CSharp", "Assembly-CSharp.csproj", "{416c5e20-47b3-926a-ae86-9beae7465960}"
EndProject
Project("{FAE04EC0-301F-11D3-BF4B-00C04F79EFBC}") = "Unity.Luna", "Unity.Luna.csproj", "{5e8d4abf-9be2-8ab1-7a40-4bbe111fca45}"
EndProject
Global
	GlobalSection(SolutionConfigurationPlatforms) = preSolution
		Debug|Any CPU = Debug|Any CPU
	EndGlobalSection
	GlobalSection(ProjectConfigurationPlatforms) = postSolution
		{416c5e20-47b3-926a-ae86-9beae7465960}.Debug|Any CPU.ActiveCfg = Debug|Any CPU
		{416c5e20-47b3-926a-ae86-9beae7465960}.Debug|Any CPU.Build.0 = Debug|Any CPU
		{5e8d4abf-9be2-8ab1-7a40-4bbe111fca45}.Debug|Any CPU.ActiveCfg = Debug|Any CPU
		{5e8d4abf-9be2-8ab1-7a40-4bbe111fca45}.Debug|Any CPU.Build.0 = Debug|Any CPU
	EndGlobalSection
	GlobalSection(SolutionProperties) = preSolution
		HideSolutionNode = FALSE
	EndGlobalSection
EndGlobal
